
Microsoft Visual Studio Solution File, Format Version 12.00
# Visual Studio Version 16
VisualStudioVersion = 16.0.31515.178
MinimumVisualStudioVersion = 10.0.40219.1
Project("{9A19103F-16F7-4668-BE54-9A1E7A4F7556}") = "TCSChelkovskiy", "TCSChelkovskiy\TCSChelkovskiy.csproj", "{851361B6-10B8-4DED-9256-FB82492F8961}"
EndProject
Project("{FAE04EC0-301F-11D3-BF4B-00C04F79EFBC}") = "NavigationMap", "NavigationMap\NavigationMap.csproj", "{9316E92B-5815-440A-AD2F-9B1EBD85787A}"
EndProject
Project("{FAE04EC0-301F-11D3-BF4B-00C04F79EFBC}") = "TCSchelkovskiyAPI", "TCSchelkovskiyAPI\TCSchelkovskiyAPI.csproj", "{8BF31EA1-A2A7-4EAD-B281-18268E920251}"
EndProject
Project("{FAE04EC0-301F-11D3-BF4B-00C04F79EFBC}") = "TradeCenterAdmin", "TradeCenterAdmin\TradeCenterAdmin.csproj", "{87FB9010-18B9-4182-89F2-5D3B96314332}"
EndProject
Global
	GlobalSection(SolutionConfigurationPlatforms) = preSolution
		Debug|Any CPU = Debug|Any CPU
		Debug|x64 = Debug|x64
		Release|Any CPU = Release|Any CPU
		Release|x64 = Release|x64
	EndGlobalSection
	GlobalSection(ProjectConfigurationPlatforms) = postSolution
		{851361B6-10B8-4DED-9256-FB82492F8961}.Debug|Any CPU.ActiveCfg = Debug|Any CPU
		{851361B6-10B8-4DED-9256-FB82492F8961}.Debug|Any CPU.Build.0 = Debug|Any CPU
		{851361B6-10B8-4DED-9256-FB82492F8961}.Debug|x64.ActiveCfg = Debug|x64
		{851361B6-10B8-4DED-9256-FB82492F8961}.Debug|x64.Build.0 = Debug|x64
		{851361B6-10B8-4DED-9256-FB82492F8961}.Release|Any CPU.ActiveCfg = Release|Any CPU
		{851361B6-10B8-4DED-9256-FB82492F8961}.Release|Any CPU.Build.0 = Release|Any CPU
		{851361B6-10B8-4DED-9256-FB82492F8961}.Release|x64.ActiveCfg = Release|x64
		{851361B6-10B8-4DED-9256-FB82492F8961}.Release|x64.Build.0 = Release|x64
		{9316E92B-5815-440A-AD2F-9B1EBD85787A}.Debug|Any CPU.ActiveCfg = Debug|Any CPU
		{9316E92B-5815-440A-AD2F-9B1EBD85787A}.Debug|Any CPU.Build.0 = Debug|Any CPU
		{9316E92B-5815-440A-AD2F-9B1EBD85787A}.Debug|x64.ActiveCfg = Debug|Any CPU
		{9316E92B-5815-440A-AD2F-9B1EBD85787A}.Debug|x64.Build.0 = Debug|Any CPU
		{9316E92B-5815-440A-AD2F-9B1EBD85787A}.Release|Any CPU.ActiveCfg = Release|Any CPU
		{9316E92B-5815-440A-AD2F-9B1EBD85787A}.Release|Any CPU.Build.0 = Release|Any CPU
		{9316E92B-5815-440A-AD2F-9B1EBD85787A}.Release|x64.ActiveCfg = Release|Any CPU
		{9316E92B-5815-440A-AD2F-9B1EBD85787A}.Release|x64.Build.0 = Release|Any CPU
		{8BF31EA1-A2A7-4EAD-B281-18268E920251}.Debug|Any CPU.ActiveCfg = Debug|Any CPU
		{8BF31EA1-A2A7-4EAD-B281-18268E920251}.Debug|Any CPU.Build.0 = Debug|Any CPU
		{8BF31EA1-A2A7-4EAD-B281-18268E920251}.Debug|x64.ActiveCfg = Debug|Any CPU
		{8BF31EA1-A2A7-4EAD-B281-18268E920251}.Debug|x64.Build.0 = Debug|Any CPU
		{8BF31EA1-A2A7-4EAD-B281-18268E920251}.Release|Any CPU.ActiveCfg = Release|Any CPU
		{8BF31EA1-A2A7-4EAD-B281-18268E920251}.Release|Any CPU.Build.0 = Release|Any CPU
		{8BF31EA1-A2A7-4EAD-B281-18268E920251}.Release|x64.ActiveCfg = Release|Any CPU
		{8BF31EA1-A2A7-4EAD-B281-18268E920251}.Release|x64.Build.0 = Release|Any CPU
		{87FB9010-18B9-4182-89F2-5D3B96314332}.Debug|Any CPU.ActiveCfg = Debug|Any CPU
		{87FB9010-18B9-4182-89F2-5D3B96314332}.Debug|Any CPU.Build.0 = Debug|Any CPU
		{87FB9010-18B9-4182-89F2-5D3B96314332}.Debug|x64.ActiveCfg = Debug|Any CPU
		{87FB9010-18B9-4182-89F2-5D3B96314332}.Debug|x64.Build.0 = Debug|Any CPU
		{87FB9010-18B9-4182-89F2-5D3B96314332}.Release|Any CPU.ActiveCfg = Release|Any CPU
		{87FB9010-18B9-4182-89F2-5D3B96314332}.Release|Any CPU.Build.0 = Release|Any CPU
		{87FB9010-18B9-4182-89F2-5D3B96314332}.Release|x64.ActiveCfg = Release|Any CPU
		{87FB9010-18B9-4182-89F2-5D3B96314332}.Release|x64.Build.0 = Release|Any CPU
	EndGlobalSection
	GlobalSection(SolutionProperties) = preSolution
		HideSolutionNode = FALSE
	EndGlobalSection
	GlobalSection(ExtensibilityGlobals) = postSolution
		SolutionGuid = {288B6457-8CFC-4875-A169-4D4BF3E85DC1}
	EndGlobalSection
EndGlobal
